{
  "name": "hanacaraka",
  "version": "0.1.0",
  "lockfileVersion": 1,
  "requires": true,
  "dependencies": {
    "aksara-unicode": {
      "version": "0.0.7",
      "resolved": "https://registry.npmjs.org/aksara-unicode/-/aksara-unicode-0.0.7.tgz",
      "integrity": "sha1-RbqsYVmDhcHZcbafe9NKY0qsyhE="
    }
  }
}
